
Microsoft Visual Studio Solution File, Format Version 12.00
# Visual Studio Version 16
VisualStudioVersion = 16.0.31410.357
MinimumVisualStudioVersion = 10.0.40219.1
Project("{9A19103F-16F7-4668-BE54-9A1E7A4F7556}") = "Övningssamling", "Övningssamling.csproj", "{18D56580-D145-4294-A6AC-B7DF4B5C3A2B}"
EndProject
Project("{FAE04EC0-301F-11D3-BF4B-00C04F79EFBC}") = "Arv", "..\Arv\Arv.csproj", "{98511626-CCFF-415C-951A-22690519A543}"
EndProject
Project("{FAE04EC0-301F-11D3-BF4B-00C04F79EFBC}") = "Polymorfism", "..\Polymorfism\Polymorfism.csproj", "{20AA8239-8D9E-423B-A7F4-38CA159CA26C}"
EndProject
Global
	GlobalSection(SolutionConfigurationPlatforms) = preSolution
		Debug|Any CPU = Debug|Any CPU
		Release|Any CPU = Release|Any CPU
	EndGlobalSection
	GlobalSection(ProjectConfigurationPlatforms) = postSolution
		{18D56580-D145-4294-A6AC-B7DF4B5C3A2B}.Debug|Any CPU.ActiveCfg = Debug|Any CPU
		{18D56580-D145-4294-A6AC-B7DF4B5C3A2B}.Debug|Any CPU.Build.0 = Debug|Any CPU
		{18D56580-D145-4294-A6AC-B7DF4B5C3A2B}.Release|Any CPU.ActiveCfg = Release|Any CPU
		{18D56580-D145-4294-A6AC-B7DF4B5C3A2B}.Release|Any CPU.Build.0 = Release|Any CPU
		{98511626-CCFF-415C-951A-22690519A543}.Debug|Any CPU.ActiveCfg = Debug|Any CPU
		{98511626-CCFF-415C-951A-22690519A543}.Debug|Any CPU.Build.0 = Debug|Any CPU
		{98511626-CCFF-415C-951A-22690519A543}.Release|Any CPU.ActiveCfg = Release|Any CPU
		{98511626-CCFF-415C-951A-22690519A543}.Release|Any CPU.Build.0 = Release|Any CPU
		{20AA8239-8D9E-423B-A7F4-38CA159CA26C}.Debug|Any CPU.ActiveCfg = Debug|Any CPU
		{20AA8239-8D9E-423B-A7F4-38CA159CA26C}.Debug|Any CPU.Build.0 = Debug|Any CPU
		{20AA8239-8D9E-423B-A7F4-38CA159CA26C}.Release|Any CPU.ActiveCfg = Release|Any CPU
		{20AA8239-8D9E-423B-A7F4-38CA159CA26C}.Release|Any CPU.Build.0 = Release|Any CPU
	EndGlobalSection
	GlobalSection(SolutionProperties) = preSolution
		HideSolutionNode = FALSE
	EndGlobalSection
	GlobalSection(ExtensibilityGlobals) = postSolution
		SolutionGuid = {E779CD8D-317F-453F-9AD2-1DD43A739E04}
	EndGlobalSection
EndGlobal
